
Microsoft Visual Studio Solution File, Format Version 12.00
# Visual Studio Version 17
VisualStudioVersion = 17.9.34616.47
MinimumVisualStudioVersion = 10.0.40219.1
Project("{9A19103F-16F7-4668-BE54-9A1E7A4F7556}") = "GreatestCommonDivisorTraversal", "GreatestCommonDivisorTraversal\GreatestCommonDivisorTraversal.csproj", "{ECA650B4-D49F-46BE-ABE7-875243E5C1CB}"
EndProject
Project("{9A19103F-16F7-4668-BE54-9A1E7A4F7556}") = "MinimumLengthStringAfterDeletingSimilarEnds", "MinimumLengthStringAfterDeletingSimilarEnds\MinimumLengthStringAfterDeletingSimilarEnds.csproj", "{1CBD1EF8-5D44-4ABC-B02B-BF57BC9AFF11}"
EndProject
Project("{9A19103F-16F7-4668-BE54-9A1E7A4F7556}") = "Custon Sort String", "Custon Sort String\Custon Sort String.csproj", "{AC8BD3D0-31D4-41E0-A9D6-D022C79397B8}"
EndProject
Project("{9A19103F-16F7-4668-BE54-9A1E7A4F7556}") = "Remove Zero Sum Consecutive Nodes from Linked List", "Remove Zero Sum Consecutive Nodes from Linked List\Remove Zero Sum Consecutive Nodes from Linked List.csproj", "{343CA140-A667-44F7-8A89-1A068F76F377}"
EndProject
Project("{9A19103F-16F7-4668-BE54-9A1E7A4F7556}") = "Find the Pivot Integer", "Find the Pivot Integer\Find the Pivot Integer.csproj", "{8B31FBD8-BF66-46F3-96DD-5350C5AA4ABC}"
EndProject
Project("{9A19103F-16F7-4668-BE54-9A1E7A4F7556}") = "Print matrix in diagonal pattern", "Print matrix in diagonal pattern\Print matrix in diagonal pattern.csproj", "{2CE815A8-A7DE-4B07-BE73-C68EAF7296C6}"
EndProject
Project("{9A19103F-16F7-4668-BE54-9A1E7A4F7556}") = "Palindrome Linked List", "Palindrome Linked List\Palindrome Linked List.csproj", "{3CD98F68-9F19-42D3-9843-B43632296571}"
EndProject
Project("{9A19103F-16F7-4668-BE54-9A1E7A4F7556}") = "Maximum Gap", "Maximum Gap\Maximum Gap.csproj", "{896C77C7-1347-48DE-8710-C8680640E78B}"
EndProject
Project("{9A19103F-16F7-4668-BE54-9A1E7A4F7556}") = "Find All Duplicates in an Array", "Find All Duplicates in an Array\Find All Duplicates in an Array.csproj", "{03A2A3FB-9231-4DF6-9798-95F1EBD6567B}"
EndProject
Project("{9A19103F-16F7-4668-BE54-9A1E7A4F7556}") = "Number of Islands", "Number of Islands\Number of Islands.csproj", "{6C1F080A-9A73-441F-B35A-EB80045E74FF}"
EndProject
Project("{9A19103F-16F7-4668-BE54-9A1E7A4F7556}") = "FindAllGroupFarmland", "FindAllGroupFarmland\FindAllGroupFarmland.csproj", "{66147E2F-B9EC-4842-A107-4BEF5E67BE42}"
EndProject
Project("{9A19103F-16F7-4668-BE54-9A1E7A4F7556}") = "OpenTheLock", "OpenTheLock\OpenTheLock.csproj", "{4911AD45-3078-4462-A47C-0A846ABE398E}"
EndProject
Project("{9A19103F-16F7-4668-BE54-9A1E7A4F7556}") = "MinimumFallingPathSumII", "MinimumFallingPathSumII\MinimumFallingPathSumII.csproj", "{66767278-1D87-4A45-AC5C-1CA9129E7AF3}"
EndProject
Project("{9A19103F-16F7-4668-BE54-9A1E7A4F7556}") = "MaximumNonNegativeProductMatrix", "MaximumNonNegativeProductMatrix\MaximumNonNegativeProductMatrix.csproj", "{38D58747-7547-451D-8A4F-89C265C5D22B}"
EndProject
Project("{9A19103F-16F7-4668-BE54-9A1E7A4F7556}") = "FreedomTrail", "FreedomTrail\FreedomTrail.csproj", "{AD0A7472-0352-445E-9BD0-9F5FC0FF2CA1}"
EndProject
Project("{9A19103F-16F7-4668-BE54-9A1E7A4F7556}") = "Remove Nodes From Linked List", "Remove Nodes From Linked List\Remove Nodes From Linked List.csproj", "{2940FA57-9B56-4312-BE0F-041963EF7957}"
EndProject
Project("{9A19103F-16F7-4668-BE54-9A1E7A4F7556}") = "Double a Number Represented as a Linked List", "Double a Number Represented as a Linked List\Double a Number Represented as a Linked List.csproj", "{66C63E17-5EC5-4557-8994-AC3C7E4C3385}"
EndProject
Project("{9A19103F-16F7-4668-BE54-9A1E7A4F7556}") = "Relative Ranks", "Relative Ranks\Relative Ranks.csproj", "{1747E39E-9028-474F-BC88-82A986E7F318}"
EndProject
Project("{9A19103F-16F7-4668-BE54-9A1E7A4F7556}") = "Minimum Cost to Hire K Workers", "Minimum Cost to Hire K Workers\Minimum Cost to Hire K Workers.csproj", "{6D3632BC-F1C5-4D0C-B894-79F17B084E57}"
EndProject
Project("{9A19103F-16F7-4668-BE54-9A1E7A4F7556}") = "Largest Local Values in a Matrix", "Largest Local Values in a Matrix\Largest Local Values in a Matrix.csproj", "{5A986689-7251-4632-800F-55938AB50642}"
EndProject
Project("{9A19103F-16F7-4668-BE54-9A1E7A4F7556}") = "Find the Safest Path in a Grid", "Find the Safest Path in a Grid\Find the Safest Path in a Grid.csproj", "{1BE7E476-508F-476B-859A-1C5096CAC46B}"
EndProject
Project("{9A19103F-16F7-4668-BE54-9A1E7A4F7556}") = "Merge K Sorted Lists", "Merge K Sorted Lists\Merge K Sorted Lists.csproj", "{C3B99028-2E04-46AA-B995-F42CC3003981}"
EndProject
Project("{9A19103F-16F7-4668-BE54-9A1E7A4F7556}") = "Maximum Score Words Formed by Letters", "Maximum Score Words Formed by Letters\Maximum Score Words Formed by Letters.csproj", "{3E0F0B90-31F5-4676-A8A8-F78CD063AC52}"
EndProject
Project("{9A19103F-16F7-4668-BE54-9A1E7A4F7556}") = "Special Array With X Elements Greater Than or Equal X", "Special Array With X Elements Greater Than or Equal X\Special Array With X Elements Greater Than or Equal X.csproj", "{667847CA-9F8F-4C88-8A67-ACF94172663B}"
EndProject
Project("{9A19103F-16F7-4668-BE54-9A1E7A4F7556}") = "Get Equal Substrings Within Budget", "Get Equal Substrings Within Budget\Get Equal Substrings Within Budget.csproj", "{22697975-2AE0-4B70-87EF-11A88FBA930D}"
EndProject
Project("{9A19103F-16F7-4668-BE54-9A1E7A4F7556}") = "Replace Words", "Replace Words\Replace Words.csproj", "{2F101A8E-F8E8-4548-B068-D319FF83667B}"
EndProject
Project("{9A19103F-16F7-4668-BE54-9A1E7A4F7556}") = "IPO", "IPO\IPO.csproj", "{672F74F2-2ECB-437D-BD3E-50F45BD8B622}"
EndProject
Project("{9A19103F-16F7-4668-BE54-9A1E7A4F7556}") = "1438. Longest Continuous Subarray With Absolute Diff Less Than or Equal to Limit", "1438. Longest Continuous Subarray With Absolute Diff Less Than or Equal to Limit\1438. Longest Continuous Subarray With Absolute Diff Less Than or Equal to Limit.csproj", "{02AD9ABB-BBB5-4D64-9430-674DC445BDFF}"
EndProject
Project("{9A19103F-16F7-4668-BE54-9A1E7A4F7556}") = "Average Waiting Time", "Average Waiting Time\Average Waiting Time.csproj", "{139CD7AC-B1A4-49EB-A83F-83514C29FD43}"
EndProject
Project("{9A19103F-16F7-4668-BE54-9A1E7A4F7556}") = "Maximum Score From Removing Substrings", "Maximum Score From Removing Substrings\Maximum Score From Removing Substrings.csproj", "{3F792C71-535F-4B27-853D-D7F6ACC86979}"
EndProject
Project("{9A19103F-16F7-4668-BE54-9A1E7A4F7556}") = "Robot Collisions", "Robot Collisions\Robot Collisions.csproj", "{FDCF973E-90EB-48D5-95AF-F362004C516F}"
EndProject
Project("{9A19103F-16F7-4668-BE54-9A1E7A4F7556}") = "Number of Atoms", "Number of Atoms\Number of Atoms.csproj", "{7CB54663-58D6-4700-912C-FAECB117C342}"
EndProject
Project("{9A19103F-16F7-4668-BE54-9A1E7A4F7556}") = "Create Binary Tree From Descriptions", "Create Binary Tree From Descriptions\Create Binary Tree From Descriptions.csproj", "{0D58AB57-20C2-4988-9B39-4CA2E53C4EBB}"
EndProject
Project("{9A19103F-16F7-4668-BE54-9A1E7A4F7556}") = "Step-By-Step Directions From a Binary Tree Node to Another", "Step-By-Step Directions From a Binary Tree Node to Another\Step-By-Step Directions From a Binary Tree Node to Another.csproj", "{7AEFA718-EDA4-43E9-B89F-24C396267081}"
EndProject
Project("{9A19103F-16F7-4668-BE54-9A1E7A4F7556}") = "Delete Nodes And Return Forest", "Delete Nodes And Return Forest\Delete Nodes And Return Forest.csproj", "{0B1A723C-FE6E-436F-A309-76BE4BBAC089}"
EndProject
Project("{9A19103F-16F7-4668-BE54-9A1E7A4F7556}") = "Number of Good Leaf Nodes Pairs", "Number of Good Leaf Nodes Pairs\Number of Good Leaf Nodes Pairs.csproj", "{EBC5EFF0-1F5B-485B-AD4D-4515C6B98F94}"
EndProject
Project("{9A19103F-16F7-4668-BE54-9A1E7A4F7556}") = "Lucky Numbers in a Matrix", "Lucky Numbers in a Matrix\Lucky Numbers in a Matrix.csproj", "{EA90DF62-7C17-46CA-B23D-CB40CD541C81}"
EndProject
Project("{9A19103F-16F7-4668-BE54-9A1E7A4F7556}") = "Find Valid Matrix Given Row and Column Sums", "Find Valid Matrix Given Row and Column Sums\Find Valid Matrix Given Row and Column Sums.csproj", "{10FF70B3-CB70-4E81-A330-775DFD846614}"
EndProject
Project("{9A19103F-16F7-4668-BE54-9A1E7A4F7556}") = "Build a Matrix With Conditions", "Build a Matrix With Conditions\Build a Matrix With Conditions.csproj", "{425BB4C8-435B-4B7F-9229-F6B1E92B7E23}"
EndProject
Project("{9A19103F-16F7-4668-BE54-9A1E7A4F7556}") = "Sort the People", "Sort the People\Sort the People.csproj", "{C43EABE6-73FB-4999-B540-C5291C3942AA}"
EndProject
Project("{9A19103F-16F7-4668-BE54-9A1E7A4F7556}") = "Sort the Jumbled Numbers", "Sort the Jumbled Numbers\Sort the Jumbled Numbers.csproj", "{50A5444A-387B-4044-B439-3EE1FDB87BBC}"
EndProject
Project("{9A19103F-16F7-4668-BE54-9A1E7A4F7556}") = "Find the City With the Smallest Number of Neighbors at a Threshold Distance", "Find the City With the Smallest Number of Neighbors at a Threshold Distance\Find the City With the Smallest Number of Neighbors at a Threshold Distance.csproj", "{9832F449-226B-4FFB-925A-ACBA62CF224B}"
EndProject
Project("{9A19103F-16F7-4668-BE54-9A1E7A4F7556}") = "Minimum Cost to Convert String I", "Minimum Cost to Convert String I\Minimum Cost to Convert String I.csproj", "{717ED8DE-9466-4A57-B620-BF12DF03E5DE}"
EndProject
Project("{9A19103F-16F7-4668-BE54-9A1E7A4F7556}") = "Second Minimum Time to Reach Destination", "Second Minimum Time to Reach Destination\Second Minimum Time to Reach Destination.csproj", "{CD5F7A60-2725-41E8-B146-05BBADFCB251}"
EndProject
Project("{9A19103F-16F7-4668-BE54-9A1E7A4F7556}") = "Count Number of Teams", "Count Number of Teams\Count Number of Teams.csproj", "{D8A4B933-9EE5-41AB-AFF7-92F97D90E4F0}"
EndProject
Project("{9A19103F-16F7-4668-BE54-9A1E7A4F7556}") = "Minimum Deletions to Make String Balanced", "Minimum Deletions to Make String Balanced\Minimum Deletions to Make String Balanced.csproj", "{F7549B48-29C4-443D-940F-DC9DC7D68A75}"
EndProject
Project("{9A19103F-16F7-4668-BE54-9A1E7A4F7556}") = "Filling Bookcase Shelves", "Filling Bookcase Shelves\Filling Bookcase Shelves.csproj", "{8CA852C5-0EEB-4D3C-BAC4-B1938FB445C5}"
EndProject
Project("{9A19103F-16F7-4668-BE54-9A1E7A4F7556}") = "Minimum Number of Pushes to Type Word II", "Minimum Number of Pushes to Type Word II\Minimum Number of Pushes to Type Word II.csproj", "{6F0758BA-EF31-478F-AE2E-81C5B2072A42}"
EndProject
Project("{9A19103F-16F7-4668-BE54-9A1E7A4F7556}") = "Integer to English Words", "Integer to English Words\Integer to English Words.csproj", "{AB9B09AD-3228-48DE-A57B-64D038191236}"
EndProject
Project("{9A19103F-16F7-4668-BE54-9A1E7A4F7556}") = "Spiral Matrix III", "Spiral Matrix III\Spiral Matrix III.csproj", "{4133A284-BA80-4236-9C76-51B1F10325E3}"
EndProject
Project("{9A19103F-16F7-4668-BE54-9A1E7A4F7556}") = "Magic Squares In Grid", "Magic Squares In Grid\Magic Squares In Grid.csproj", "{8F5392A9-B985-45BC-AF2A-E565EC418735}"
EndProject
Project("{9A19103F-16F7-4668-BE54-9A1E7A4F7556}") = "Regions Cut By Slashes", "Regions Cut By Slashes\Regions Cut By Slashes.csproj", "{E040083D-C7EE-4F4E-8367-367F939E4477}"
EndProject
Project("{9A19103F-16F7-4668-BE54-9A1E7A4F7556}") = "Minimum Number of Days to Disconnect Island", "Minimum Number of Days to Disconnect Island\Minimum Number of Days to Disconnect Island.csproj", "{A62737C9-6C3D-4136-8C7A-553A92145544}"
EndProject
Project("{9A19103F-16F7-4668-BE54-9A1E7A4F7556}") = "Kth Largest Element in a Stream", "Kth Largest Element in a Stream\Kth Largest Element in a Stream.csproj", "{7687C545-252D-4389-997D-DF172B6F5192}"
EndProject
Project("{9A19103F-16F7-4668-BE54-9A1E7A4F7556}") = "Find K-th Smallest Pair Distance", "Find K-th Smallest Pair Distance\Find K-th Smallest Pair Distance.csproj", "{13C47EDF-89FB-4C68-A134-585647508DE4}"
EndProject
Project("{9A19103F-16F7-4668-BE54-9A1E7A4F7556}") = "Maximum Number of Points with Cost", "Maximum Number of Points with Cost\Maximum Number of Points with Cost.csproj", "{CD3325E3-DC65-46DD-A3E8-78D8C629852C}"
EndProject
Project("{9A19103F-16F7-4668-BE54-9A1E7A4F7556}") = "Number Complement", "Number Complement\Number Complement.csproj", "{07F1ECF8-709E-4F88-9FB4-4B5B6D986765}"
EndProject
Project("{9A19103F-16F7-4668-BE54-9A1E7A4F7556}") = "Fraction_Addition_and_Subtraction", "Fraction_Addition_and_Subtraction\Fraction_Addition_and_Subtraction.csproj", "{B4BCAF88-BFBF-4970-A723-02EF8255B4B0}"
EndProject
Project("{9A19103F-16F7-4668-BE54-9A1E7A4F7556}") = "Find the Closest Palindrome", "Find the Closest Palindrome\Find the Closest Palindrome.csproj", "{2D161B57-E20D-4171-BA19-6140AD64C3CD}"
EndProject
Project("{9A19103F-16F7-4668-BE54-9A1E7A4F7556}") = "Recover Binary Search Tree", "Recover Binary Search Tree\Recover Binary Search Tree.csproj", "{40B9D5DF-BD45-4157-93FE-83DB5FBDCD34}"
EndProject
Project("{9A19103F-16F7-4668-BE54-9A1E7A4F7556}") = "Path with Maximum Probability", "Path with Maximum Probability\Path with Maximum Probability.csproj", "{B84CB56E-1A3A-4A07-8D68-534FE36750A2}"
EndProject
Project("{9A19103F-16F7-4668-BE54-9A1E7A4F7556}") = "Number of Ways to Arrive at Destination", "Number of Ways to Arrive at Destination\Number of Ways to Arrive at Destination.csproj", "{13B5CA61-C006-4370-8D67-0020B6C303FA}"
EndProject
Project("{9A19103F-16F7-4668-BE54-9A1E7A4F7556}") = "Count Sub Islands", "Count Sub Islands\Count Sub Islands.csproj", "{C0C66878-1B10-48F3-856D-CD0CD8B08CED}"
EndProject
Project("{9A19103F-16F7-4668-BE54-9A1E7A4F7556}") = "Distinct Subsequences", "Distinct Subsequences\Distinct Subsequences.csproj", "{0993A7F2-173A-4693-9F43-FAC5A7C16C8B}"
EndProject
Project("{9A19103F-16F7-4668-BE54-9A1E7A4F7556}") = "Modify Graph Edge Weights", "Modify Graph Edge Weights\Modify Graph Edge Weights.csproj", "{21662D6C-43BA-42D7-B026-370CBE689987}"
EndProject
Project("{9A19103F-16F7-4668-BE54-9A1E7A4F7556}") = "Convert 1D Array Into 2D Array", "Convert 1D Array Into 2D Array\Convert 1D Array Into 2D Array.csproj", "{F1741920-41BA-4C1C-BFDB-88D799601799}"
EndProject
Project("{9A19103F-16F7-4668-BE54-9A1E7A4F7556}") = "Sum of Digits of String After Convert", "Sum of Digits of String After Convert\Sum of Digits of String After Convert.csproj", "{33212801-1683-4C86-BB15-3BCAD93959D2}"
EndProject
Project("{9A19103F-16F7-4668-BE54-9A1E7A4F7556}") = "Walking Robot Simulation", "Walking Robot Simulation\Walking Robot Simulation.csproj", "{5E2304BA-04F5-4EE8-8DBD-75C2A5B12882}"
EndProject
Project("{9A19103F-16F7-4668-BE54-9A1E7A4F7556}") = "Spiral Matrix IV", "Spiral Matrix IV\Spiral Matrix IV.csproj", "{5E7D9A31-FDB7-4672-B6FC-F2676E24B7D9}"
EndProject
Project("{9A19103F-16F7-4668-BE54-9A1E7A4F7556}") = "Insert Greatest Common Divisors in Linked List", "Insert Greatest Common Divisors in Linked List\Insert Greatest Common Divisors in Linked List.csproj", "{58C6D9DB-7B7D-4EDD-B006-8D97F7D33E75}"
EndProject
Project("{9A19103F-16F7-4668-BE54-9A1E7A4F7556}") = "Longest Subarray With Maximum Bitwise AND", "Longest Subarray With Maximum Bitwise AND\Longest Subarray With Maximum Bitwise AND.csproj", "{F28624F2-4CAC-4FC1-8FBB-3EF851764B20}"
EndProject
Project("{9A19103F-16F7-4668-BE54-9A1E7A4F7556}") = "Find the Longest Substring Containing Vowels in Even Counts", "Find the Longest Substring Containing Vowels in Even Counts\Find the Longest Substring Containing Vowels in Even Counts.csproj", "{B7A44FF1-B701-4453-9516-3DBC2D344C98}"
EndProject
Project("{9A19103F-16F7-4668-BE54-9A1E7A4F7556}") = "Minimum Time Difference", "Minimum Time Difference\Minimum Time Difference.csproj", "{97E510F8-381C-432F-A725-93C44711EC51}"
EndProject
Project("{9A19103F-16F7-4668-BE54-9A1E7A4F7556}") = "Largest Number", "Largest Number\Largest Number.csproj", "{51207377-573F-4362-91B2-A375197FE6A7}"
EndProject
Project("{9A19103F-16F7-4668-BE54-9A1E7A4F7556}") = "Different Ways to Add Parentheses", "Different Ways to Add Parentheses\Different Ways to Add Parentheses.csproj", "{71664676-4828-4427-A292-240DDB04F52B}"
EndProject
Project("{9A19103F-16F7-4668-BE54-9A1E7A4F7556}") = "Shortest Palindrome", "Shortest Palindrome\Shortest Palindrome.csproj", "{B73DEF87-6E59-478A-9354-1CBFD77A06ED}"
EndProject
Project("{9A19103F-16F7-4668-BE54-9A1E7A4F7556}") = "Lexicographical Numbers", "Lexicographical Numbers\Lexicographical Numbers.csproj", "{1CE6BA98-7D25-4FFB-8BB2-2B68903B0746}"
EndProject
Project("{9A19103F-16F7-4668-BE54-9A1E7A4F7556}") = "K-th Smallest in Lexicographical Order", "K-th Smallest in Lexicographical Order\K-th Smallest in Lexicographical Order.csproj", "{396EE53C-2F65-4385-83AD-D6D1D6B54C75}"
EndProject
Project("{9A19103F-16F7-4668-BE54-9A1E7A4F7556}") = "Extra Characters in a String", "Extra Characters in a String\Extra Characters in a String.csproj", "{ABD20B8A-9920-4C89-A024-8E649F104386}"
EndProject
Project("{9A19103F-16F7-4668-BE54-9A1E7A4F7556}") = "Palindrome Partitioning II", "Palindrome Partitioning II\Palindrome Partitioning II.csproj", "{925ADF56-AD8E-477F-B14E-BDF5F703A0D4}"
EndProject
Project("{9A19103F-16F7-4668-BE54-9A1E7A4F7556}") = "Find the Length of the Longest Common Prefix", "Find the Length of the Longest Common Prefix\Find the Length of the Longest Common Prefix.csproj", "{D65038B9-80F4-4840-83F4-BD3198D95F14}"
EndProject
Project("{9A19103F-16F7-4668-BE54-9A1E7A4F7556}") = "Sum of Prefix Scores of Strings", "Sum of Prefix Scores of Strings\Sum of Prefix Scores of Strings.csproj", "{E2A18E3A-C1ED-486D-8CC8-6FAA66A38B63}"
EndProject
Project("{9A19103F-16F7-4668-BE54-9A1E7A4F7556}") = "My Calendar II", "My Calendar II\My Calendar II.csproj", "{CC6E4315-8E04-497A-8DE3-5EED5655E0D3}"
EndProject
Project("{9A19103F-16F7-4668-BE54-9A1E7A4F7556}") = "Design Circular Deque", "Design Circular Deque\Design Circular Deque.csproj", "{C64AAEBC-FBBC-4212-BFEC-FB02FB3D5232}"
EndProject
Project("{9A19103F-16F7-4668-BE54-9A1E7A4F7556}") = "All O`one Data Structure", "All O`one Data Structure\All O`one Data Structure.csproj", "{C3E0D33D-4FD1-4AF5-9D3E-C23D3E365FBF}"
EndProject
Project("{9A19103F-16F7-4668-BE54-9A1E7A4F7556}") = "Rank Transform of an Array", "Rank Transform of an Array\Rank Transform of an Array.csproj", "{4B3DC77A-0446-4515-A9CA-532779FEB843}"
EndProject
Project("{9A19103F-16F7-4668-BE54-9A1E7A4F7556}") = "Make Sum Divisible by P", "Make Sum Divisible by P\Make Sum Divisible by P.csproj", "{2FABD2B7-3367-43E9-AE7A-DB992F1431DD}"
EndProject
Project("{9A19103F-16F7-4668-BE54-9A1E7A4F7556}") = "Permutation in String", "Permutation in String\Permutation in String.csproj", "{50D66A7D-FEEA-4282-8A65-55CEA46A68D8}"
EndProject
Project("{9A19103F-16F7-4668-BE54-9A1E7A4F7556}") = "Sentence Similarity III", "Sentence Similarity III\Sentence Similarity III.csproj", "{56D1C5A5-B861-4F1D-8E66-8711DB410C96}"
EndProject
Project("{9A19103F-16F7-4668-BE54-9A1E7A4F7556}") = "The Number of the Smallest Unoccupied Chair", "The Number of the Smallest Unoccupied Chair\The Number of the Smallest Unoccupied Chair.csproj", "{E0FCAAD2-1F6F-4ABD-B39D-7A10FCE21FC2}"
EndProject
Project("{9A19103F-16F7-4668-BE54-9A1E7A4F7556}") = "Smallest Range Covering Elements from K Lists", "Smallest Range Covering Elements from K Lists\Smallest Range Covering Elements from K Lists.csproj", "{B65E22CF-6543-4D79-80BC-88EEB9CDE01D}"
EndProject
Project("{9A19103F-16F7-4668-BE54-9A1E7A4F7556}") = "Longest Happy String", "Longest Happy String\Longest Happy String.csproj", "{3158F93A-ECF7-4FB7-AB1A-A8D45E76E547}"
EndProject
Project("{9A19103F-16F7-4668-BE54-9A1E7A4F7556}") = "Maximum Swap", "Maximum Swap\Maximum Swap.csproj", "{6CF69A04-B14E-4D9E-851F-CD448BA00AEC}"
EndProject
Project("{9A19103F-16F7-4668-BE54-9A1E7A4F7556}") = "Count Number of Maximum Bitwise-OR Subsets", "Count Number of Maximum Bitwise-OR Subsets\Count Number of Maximum Bitwise-OR Subsets.csproj", "{107C960E-2C50-4491-84B0-CF163441455B}"
EndProject
Project("{9A19103F-16F7-4668-BE54-9A1E7A4F7556}") = "Find Kth Bit in Nth Binary String", "Find Kth Bit in Nth Binary String\Find Kth Bit in Nth Binary String.csproj", "{F33F52E2-A578-4115-B154-AE00537A983F}"
EndProject
Project("{9A19103F-16F7-4668-BE54-9A1E7A4F7556}") = "Parsing A Boolean Expression", "Parsing A Boolean Expression\Parsing A Boolean Expression.csproj", "{A1BE962B-2934-42E4-81BF-0F3E3A13920D}"
EndProject
Project("{9A19103F-16F7-4668-BE54-9A1E7A4F7556}") = "Split a String Into the Max Number of Unique Substrings", "Split a String Into the Max Number of Unique Substrings\Split a String Into the Max Number of Unique Substrings.csproj", "{A9FB65D4-9198-4F05-B428-9650CC83E937}"
EndProject
Project("{FAE04EC0-301F-11D3-BF4B-00C04F79EFBC}") = "Cousins in Binary Tree II", "Cousins in Binary Tree II\Cousins in Binary Tree II.csproj", "{8ED9D46F-D840-451A-BF0E-853C4A02B021}"
EndProject
Global
	GlobalSection(SolutionConfigurationPlatforms) = preSolution
		Debug|Any CPU = Debug|Any CPU
		Release|Any CPU = Release|Any CPU
	EndGlobalSection
	GlobalSection(ProjectConfigurationPlatforms) = postSolution
		{ECA650B4-D49F-46BE-ABE7-875243E5C1CB}.Debug|Any CPU.ActiveCfg = Debug|Any CPU
		{ECA650B4-D49F-46BE-ABE7-875243E5C1CB}.Debug|Any CPU.Build.0 = Debug|Any CPU
		{ECA650B4-D49F-46BE-ABE7-875243E5C1CB}.Release|Any CPU.ActiveCfg = Release|Any CPU
		{ECA650B4-D49F-46BE-ABE7-875243E5C1CB}.Release|Any CPU.Build.0 = Release|Any CPU
		{1CBD1EF8-5D44-4ABC-B02B-BF57BC9AFF11}.Debug|Any CPU.ActiveCfg = Debug|Any CPU
		{1CBD1EF8-5D44-4ABC-B02B-BF57BC9AFF11}.Debug|Any CPU.Build.0 = Debug|Any CPU
		{1CBD1EF8-5D44-4ABC-B02B-BF57BC9AFF11}.Release|Any CPU.ActiveCfg = Release|Any CPU
		{1CBD1EF8-5D44-4ABC-B02B-BF57BC9AFF11}.Release|Any CPU.Build.0 = Release|Any CPU
		{AC8BD3D0-31D4-41E0-A9D6-D022C79397B8}.Debug|Any CPU.ActiveCfg = Debug|Any CPU
		{AC8BD3D0-31D4-41E0-A9D6-D022C79397B8}.Debug|Any CPU.Build.0 = Debug|Any CPU
		{AC8BD3D0-31D4-41E0-A9D6-D022C79397B8}.Release|Any CPU.ActiveCfg = Release|Any CPU
		{AC8BD3D0-31D4-41E0-A9D6-D022C79397B8}.Release|Any CPU.Build.0 = Release|Any CPU
		{343CA140-A667-44F7-8A89-1A068F76F377}.Debug|Any CPU.ActiveCfg = Debug|Any CPU
		{343CA140-A667-44F7-8A89-1A068F76F377}.Debug|Any CPU.Build.0 = Debug|Any CPU
		{343CA140-A667-44F7-8A89-1A068F76F377}.Release|Any CPU.ActiveCfg = Release|Any CPU
		{343CA140-A667-44F7-8A89-1A068F76F377}.Release|Any CPU.Build.0 = Release|Any CPU
		{8B31FBD8-BF66-46F3-96DD-5350C5AA4ABC}.Debug|Any CPU.ActiveCfg = Debug|Any CPU
		{8B31FBD8-BF66-46F3-96DD-5350C5AA4ABC}.Debug|Any CPU.Build.0 = Debug|Any CPU
		{8B31FBD8-BF66-46F3-96DD-5350C5AA4ABC}.Release|Any CPU.ActiveCfg = Release|Any CPU
		{8B31FBD8-BF66-46F3-96DD-5350C5AA4ABC}.Release|Any CPU.Build.0 = Release|Any CPU
		{2CE815A8-A7DE-4B07-BE73-C68EAF7296C6}.Debug|Any CPU.ActiveCfg = Debug|Any CPU
		{2CE815A8-A7DE-4B07-BE73-C68EAF7296C6}.Debug|Any CPU.Build.0 = Debug|Any CPU
		{2CE815A8-A7DE-4B07-BE73-C68EAF7296C6}.Release|Any CPU.ActiveCfg = Release|Any CPU
		{2CE815A8-A7DE-4B07-BE73-C68EAF7296C6}.Release|Any CPU.Build.0 = Release|Any CPU
		{3CD98F68-9F19-42D3-9843-B43632296571}.Debug|Any CPU.ActiveCfg = Debug|Any CPU
		{3CD98F68-9F19-42D3-9843-B43632296571}.Debug|Any CPU.Build.0 = Debug|Any CPU
		{3CD98F68-9F19-42D3-9843-B43632296571}.Release|Any CPU.ActiveCfg = Release|Any CPU
		{3CD98F68-9F19-42D3-9843-B43632296571}.Release|Any CPU.Build.0 = Release|Any CPU
		{896C77C7-1347-48DE-8710-C8680640E78B}.Debug|Any CPU.ActiveCfg = Debug|Any CPU
		{896C77C7-1347-48DE-8710-C8680640E78B}.Debug|Any CPU.Build.0 = Debug|Any CPU
		{896C77C7-1347-48DE-8710-C8680640E78B}.Release|Any CPU.ActiveCfg = Release|Any CPU
		{896C77C7-1347-48DE-8710-C8680640E78B}.Release|Any CPU.Build.0 = Release|Any CPU
		{03A2A3FB-9231-4DF6-9798-95F1EBD6567B}.Debug|Any CPU.ActiveCfg = Debug|Any CPU
		{03A2A3FB-9231-4DF6-9798-95F1EBD6567B}.Debug|Any CPU.Build.0 = Debug|Any CPU
		{03A2A3FB-9231-4DF6-9798-95F1EBD6567B}.Release|Any CPU.ActiveCfg = Release|Any CPU
		{03A2A3FB-9231-4DF6-9798-95F1EBD6567B}.Release|Any CPU.Build.0 = Release|Any CPU
		{6C1F080A-9A73-441F-B35A-EB80045E74FF}.Debug|Any CPU.ActiveCfg = Debug|Any CPU
		{6C1F080A-9A73-441F-B35A-EB80045E74FF}.Debug|Any CPU.Build.0 = Debug|Any CPU
		{6C1F080A-9A73-441F-B35A-EB80045E74FF}.Release|Any CPU.ActiveCfg = Release|Any CPU
		{6C1F080A-9A73-441F-B35A-EB80045E74FF}.Release|Any CPU.Build.0 = Release|Any CPU
		{66147E2F-B9EC-4842-A107-4BEF5E67BE42}.Debug|Any CPU.ActiveCfg = Debug|Any CPU
		{66147E2F-B9EC-4842-A107-4BEF5E67BE42}.Debug|Any CPU.Build.0 = Debug|Any CPU
		{66147E2F-B9EC-4842-A107-4BEF5E67BE42}.Release|Any CPU.ActiveCfg = Release|Any CPU
		{66147E2F-B9EC-4842-A107-4BEF5E67BE42}.Release|Any CPU.Build.0 = Release|Any CPU
		{4911AD45-3078-4462-A47C-0A846ABE398E}.Debug|Any CPU.ActiveCfg = Debug|Any CPU
		{4911AD45-3078-4462-A47C-0A846ABE398E}.Debug|Any CPU.Build.0 = Debug|Any CPU
		{4911AD45-3078-4462-A47C-0A846ABE398E}.Release|Any CPU.ActiveCfg = Release|Any CPU
		{4911AD45-3078-4462-A47C-0A846ABE398E}.Release|Any CPU.Build.0 = Release|Any CPU
		{66767278-1D87-4A45-AC5C-1CA9129E7AF3}.Debug|Any CPU.ActiveCfg = Debug|Any CPU
		{66767278-1D87-4A45-AC5C-1CA9129E7AF3}.Debug|Any CPU.Build.0 = Debug|Any CPU
		{66767278-1D87-4A45-AC5C-1CA9129E7AF3}.Release|Any CPU.ActiveCfg = Release|Any CPU
		{66767278-1D87-4A45-AC5C-1CA9129E7AF3}.Release|Any CPU.Build.0 = Release|Any CPU
		{38D58747-7547-451D-8A4F-89C265C5D22B}.Debug|Any CPU.ActiveCfg = Debug|Any CPU
		{38D58747-7547-451D-8A4F-89C265C5D22B}.Debug|Any CPU.Build.0 = Debug|Any CPU
		{38D58747-7547-451D-8A4F-89C265C5D22B}.Release|Any CPU.ActiveCfg = Release|Any CPU
		{38D58747-7547-451D-8A4F-89C265C5D22B}.Release|Any CPU.Build.0 = Release|Any CPU
		{AD0A7472-0352-445E-9BD0-9F5FC0FF2CA1}.Debug|Any CPU.ActiveCfg = Debug|Any CPU
		{AD0A7472-0352-445E-9BD0-9F5FC0FF2CA1}.Debug|Any CPU.Build.0 = Debug|Any CPU
		{AD0A7472-0352-445E-9BD0-9F5FC0FF2CA1}.Release|Any CPU.ActiveCfg = Release|Any CPU
		{AD0A7472-0352-445E-9BD0-9F5FC0FF2CA1}.Release|Any CPU.Build.0 = Release|Any CPU
		{2940FA57-9B56-4312-BE0F-041963EF7957}.Debug|Any CPU.ActiveCfg = Debug|Any CPU
		{2940FA57-9B56-4312-BE0F-041963EF7957}.Debug|Any CPU.Build.0 = Debug|Any CPU
		{2940FA57-9B56-4312-BE0F-041963EF7957}.Release|Any CPU.ActiveCfg = Release|Any CPU
		{2940FA57-9B56-4312-BE0F-041963EF7957}.Release|Any CPU.Build.0 = Release|Any CPU
		{66C63E17-5EC5-4557-8994-AC3C7E4C3385}.Debug|Any CPU.ActiveCfg = Debug|Any CPU
		{66C63E17-5EC5-4557-8994-AC3C7E4C3385}.Debug|Any CPU.Build.0 = Debug|Any CPU
		{66C63E17-5EC5-4557-8994-AC3C7E4C3385}.Release|Any CPU.ActiveCfg = Release|Any CPU
		{66C63E17-5EC5-4557-8994-AC3C7E4C3385}.Release|Any CPU.Build.0 = Release|Any CPU
		{1747E39E-9028-474F-BC88-82A986E7F318}.Debug|Any CPU.ActiveCfg = Debug|Any CPU
		{1747E39E-9028-474F-BC88-82A986E7F318}.Debug|Any CPU.Build.0 = Debug|Any CPU
		{1747E39E-9028-474F-BC88-82A986E7F318}.Release|Any CPU.ActiveCfg = Release|Any CPU
		{1747E39E-9028-474F-BC88-82A986E7F318}.Release|Any CPU.Build.0 = Release|Any CPU
		{6D3632BC-F1C5-4D0C-B894-79F17B084E57}.Debug|Any CPU.ActiveCfg = Debug|Any CPU
		{6D3632BC-F1C5-4D0C-B894-79F17B084E57}.Debug|Any CPU.Build.0 = Debug|Any CPU
		{6D3632BC-F1C5-4D0C-B894-79F17B084E57}.Release|Any CPU.ActiveCfg = Release|Any CPU
		{6D3632BC-F1C5-4D0C-B894-79F17B084E57}.Release|Any CPU.Build.0 = Release|Any CPU
		{5A986689-7251-4632-800F-55938AB50642}.Debug|Any CPU.ActiveCfg = Debug|Any CPU
		{5A986689-7251-4632-800F-55938AB50642}.Debug|Any CPU.Build.0 = Debug|Any CPU
		{5A986689-7251-4632-800F-55938AB50642}.Release|Any CPU.ActiveCfg = Release|Any CPU
		{5A986689-7251-4632-800F-55938AB50642}.Release|Any CPU.Build.0 = Release|Any CPU
		{1BE7E476-508F-476B-859A-1C5096CAC46B}.Debug|Any CPU.ActiveCfg = Debug|Any CPU
		{1BE7E476-508F-476B-859A-1C5096CAC46B}.Debug|Any CPU.Build.0 = Debug|Any CPU
		{1BE7E476-508F-476B-859A-1C5096CAC46B}.Release|Any CPU.ActiveCfg = Release|Any CPU
		{1BE7E476-508F-476B-859A-1C5096CAC46B}.Release|Any CPU.Build.0 = Release|Any CPU
		{C3B99028-2E04-46AA-B995-F42CC3003981}.Debug|Any CPU.ActiveCfg = Debug|Any CPU
		{C3B99028-2E04-46AA-B995-F42CC3003981}.Debug|Any CPU.Build.0 = Debug|Any CPU
		{C3B99028-2E04-46AA-B995-F42CC3003981}.Release|Any CPU.ActiveCfg = Release|Any CPU
		{C3B99028-2E04-46AA-B995-F42CC3003981}.Release|Any CPU.Build.0 = Release|Any CPU
		{3E0F0B90-31F5-4676-A8A8-F78CD063AC52}.Debug|Any CPU.ActiveCfg = Debug|Any CPU
		{3E0F0B90-31F5-4676-A8A8-F78CD063AC52}.Debug|Any CPU.Build.0 = Debug|Any CPU
		{3E0F0B90-31F5-4676-A8A8-F78CD063AC52}.Release|Any CPU.ActiveCfg = Release|Any CPU
		{3E0F0B90-31F5-4676-A8A8-F78CD063AC52}.Release|Any CPU.Build.0 = Release|Any CPU
		{667847CA-9F8F-4C88-8A67-ACF94172663B}.Debug|Any CPU.ActiveCfg = Debug|Any CPU
		{667847CA-9F8F-4C88-8A67-ACF94172663B}.Debug|Any CPU.Build.0 = Debug|Any CPU
		{667847CA-9F8F-4C88-8A67-ACF94172663B}.Release|Any CPU.ActiveCfg = Release|Any CPU
		{667847CA-9F8F-4C88-8A67-ACF94172663B}.Release|Any CPU.Build.0 = Release|Any CPU
		{22697975-2AE0-4B70-87EF-11A88FBA930D}.Debug|Any CPU.ActiveCfg = Debug|Any CPU
		{22697975-2AE0-4B70-87EF-11A88FBA930D}.Debug|Any CPU.Build.0 = Debug|Any CPU
		{22697975-2AE0-4B70-87EF-11A88FBA930D}.Release|Any CPU.ActiveCfg = Release|Any CPU
		{22697975-2AE0-4B70-87EF-11A88FBA930D}.Release|Any CPU.Build.0 = Release|Any CPU
		{2F101A8E-F8E8-4548-B068-D319FF83667B}.Debug|Any CPU.ActiveCfg = Debug|Any CPU
		{2F101A8E-F8E8-4548-B068-D319FF83667B}.Debug|Any CPU.Build.0 = Debug|Any CPU
		{2F101A8E-F8E8-4548-B068-D319FF83667B}.Release|Any CPU.ActiveCfg = Release|Any CPU
		{2F101A8E-F8E8-4548-B068-D319FF83667B}.Release|Any CPU.Build.0 = Release|Any CPU
		{672F74F2-2ECB-437D-BD3E-50F45BD8B622}.Debug|Any CPU.ActiveCfg = Debug|Any CPU
		{672F74F2-2ECB-437D-BD3E-50F45BD8B622}.Debug|Any CPU.Build.0 = Debug|Any CPU
		{672F74F2-2ECB-437D-BD3E-50F45BD8B622}.Release|Any CPU.ActiveCfg = Release|Any CPU
		{672F74F2-2ECB-437D-BD3E-50F45BD8B622}.Release|Any CPU.Build.0 = Release|Any CPU
		{02AD9ABB-BBB5-4D64-9430-674DC445BDFF}.Debug|Any CPU.ActiveCfg = Debug|Any CPU
		{02AD9ABB-BBB5-4D64-9430-674DC445BDFF}.Debug|Any CPU.Build.0 = Debug|Any CPU
		{02AD9ABB-BBB5-4D64-9430-674DC445BDFF}.Release|Any CPU.ActiveCfg = Release|Any CPU
		{02AD9ABB-BBB5-4D64-9430-674DC445BDFF}.Release|Any CPU.Build.0 = Release|Any CPU
		{139CD7AC-B1A4-49EB-A83F-83514C29FD43}.Debug|Any CPU.ActiveCfg = Debug|Any CPU
		{139CD7AC-B1A4-49EB-A83F-83514C29FD43}.Debug|Any CPU.Build.0 = Debug|Any CPU
		{139CD7AC-B1A4-49EB-A83F-83514C29FD43}.Release|Any CPU.ActiveCfg = Release|Any CPU
		{139CD7AC-B1A4-49EB-A83F-83514C29FD43}.Release|Any CPU.Build.0 = Release|Any CPU
		{3F792C71-535F-4B27-853D-D7F6ACC86979}.Debug|Any CPU.ActiveCfg = Debug|Any CPU
		{3F792C71-535F-4B27-853D-D7F6ACC86979}.Debug|Any CPU.Build.0 = Debug|Any CPU
		{3F792C71-535F-4B27-853D-D7F6ACC86979}.Release|Any CPU.ActiveCfg = Release|Any CPU
		{3F792C71-535F-4B27-853D-D7F6ACC86979}.Release|Any CPU.Build.0 = Release|Any CPU
		{FDCF973E-90EB-48D5-95AF-F362004C516F}.Debug|Any CPU.ActiveCfg = Debug|Any CPU
		{FDCF973E-90EB-48D5-95AF-F362004C516F}.Debug|Any CPU.Build.0 = Debug|Any CPU
		{FDCF973E-90EB-48D5-95AF-F362004C516F}.Release|Any CPU.ActiveCfg = Release|Any CPU
		{FDCF973E-90EB-48D5-95AF-F362004C516F}.Release|Any CPU.Build.0 = Release|Any CPU
		{7CB54663-58D6-4700-912C-FAECB117C342}.Debug|Any CPU.ActiveCfg = Debug|Any CPU
		{7CB54663-58D6-4700-912C-FAECB117C342}.Debug|Any CPU.Build.0 = Debug|Any CPU
		{7CB54663-58D6-4700-912C-FAECB117C342}.Release|Any CPU.ActiveCfg = Release|Any CPU
		{7CB54663-58D6-4700-912C-FAECB117C342}.Release|Any CPU.Build.0 = Release|Any CPU
		{0D58AB57-20C2-4988-9B39-4CA2E53C4EBB}.Debug|Any CPU.ActiveCfg = Debug|Any CPU
		{0D58AB57-20C2-4988-9B39-4CA2E53C4EBB}.Debug|Any CPU.Build.0 = Debug|Any CPU
		{0D58AB57-20C2-4988-9B39-4CA2E53C4EBB}.Release|Any CPU.ActiveCfg = Release|Any CPU
		{0D58AB57-20C2-4988-9B39-4CA2E53C4EBB}.Release|Any CPU.Build.0 = Release|Any CPU
		{7AEFA718-EDA4-43E9-B89F-24C396267081}.Debug|Any CPU.ActiveCfg = Debug|Any CPU
		{7AEFA718-EDA4-43E9-B89F-24C396267081}.Debug|Any CPU.Build.0 = Debug|Any CPU
		{7AEFA718-EDA4-43E9-B89F-24C396267081}.Release|Any CPU.ActiveCfg = Release|Any CPU
		{7AEFA718-EDA4-43E9-B89F-24C396267081}.Release|Any CPU.Build.0 = Release|Any CPU
		{0B1A723C-FE6E-436F-A309-76BE4BBAC089}.Debug|Any CPU.ActiveCfg = Debug|Any CPU
		{0B1A723C-FE6E-436F-A309-76BE4BBAC089}.Debug|Any CPU.Build.0 = Debug|Any CPU
		{0B1A723C-FE6E-436F-A309-76BE4BBAC089}.Release|Any CPU.ActiveCfg = Release|Any CPU
		{0B1A723C-FE6E-436F-A309-76BE4BBAC089}.Release|Any CPU.Build.0 = Release|Any CPU
		{EBC5EFF0-1F5B-485B-AD4D-4515C6B98F94}.Debug|Any CPU.ActiveCfg = Debug|Any CPU
		{EBC5EFF0-1F5B-485B-AD4D-4515C6B98F94}.Debug|Any CPU.Build.0 = Debug|Any CPU
		{EBC5EFF0-1F5B-485B-AD4D-4515C6B98F94}.Release|Any CPU.ActiveCfg = Release|Any CPU
		{EBC5EFF0-1F5B-485B-AD4D-4515C6B98F94}.Release|Any CPU.Build.0 = Release|Any CPU
		{EA90DF62-7C17-46CA-B23D-CB40CD541C81}.Debug|Any CPU.ActiveCfg = Debug|Any CPU
		{EA90DF62-7C17-46CA-B23D-CB40CD541C81}.Debug|Any CPU.Build.0 = Debug|Any CPU
		{EA90DF62-7C17-46CA-B23D-CB40CD541C81}.Release|Any CPU.ActiveCfg = Release|Any CPU
		{EA90DF62-7C17-46CA-B23D-CB40CD541C81}.Release|Any CPU.Build.0 = Release|Any CPU
		{10FF70B3-CB70-4E81-A330-775DFD846614}.Debug|Any CPU.ActiveCfg = Debug|Any CPU
		{10FF70B3-CB70-4E81-A330-775DFD846614}.Debug|Any CPU.Build.0 = Debug|Any CPU
		{10FF70B3-CB70-4E81-A330-775DFD846614}.Release|Any CPU.ActiveCfg = Release|Any CPU
		{10FF70B3-CB70-4E81-A330-775DFD846614}.Release|Any CPU.Build.0 = Release|Any CPU
		{425BB4C8-435B-4B7F-9229-F6B1E92B7E23}.Debug|Any CPU.ActiveCfg = Debug|Any CPU
		{425BB4C8-435B-4B7F-9229-F6B1E92B7E23}.Debug|Any CPU.Build.0 = Debug|Any CPU
		{425BB4C8-435B-4B7F-9229-F6B1E92B7E23}.Release|Any CPU.ActiveCfg = Release|Any CPU
		{425BB4C8-435B-4B7F-9229-F6B1E92B7E23}.Release|Any CPU.Build.0 = Release|Any CPU
		{C43EABE6-73FB-4999-B540-C5291C3942AA}.Debug|Any CPU.ActiveCfg = Debug|Any CPU
		{C43EABE6-73FB-4999-B540-C5291C3942AA}.Debug|Any CPU.Build.0 = Debug|Any CPU
		{C43EABE6-73FB-4999-B540-C5291C3942AA}.Release|Any CPU.ActiveCfg = Release|Any CPU
		{C43EABE6-73FB-4999-B540-C5291C3942AA}.Release|Any CPU.Build.0 = Release|Any CPU
		{50A5444A-387B-4044-B439-3EE1FDB87BBC}.Debug|Any CPU.ActiveCfg = Debug|Any CPU
		{50A5444A-387B-4044-B439-3EE1FDB87BBC}.Debug|Any CPU.Build.0 = Debug|Any CPU
		{50A5444A-387B-4044-B439-3EE1FDB87BBC}.Release|Any CPU.ActiveCfg = Release|Any CPU
		{50A5444A-387B-4044-B439-3EE1FDB87BBC}.Release|Any CPU.Build.0 = Release|Any CPU
		{9832F449-226B-4FFB-925A-ACBA62CF224B}.Debug|Any CPU.ActiveCfg = Debug|Any CPU
		{9832F449-226B-4FFB-925A-ACBA62CF224B}.Debug|Any CPU.Build.0 = Debug|Any CPU
		{9832F449-226B-4FFB-925A-ACBA62CF224B}.Release|Any CPU.ActiveCfg = Release|Any CPU
		{9832F449-226B-4FFB-925A-ACBA62CF224B}.Release|Any CPU.Build.0 = Release|Any CPU
		{717ED8DE-9466-4A57-B620-BF12DF03E5DE}.Debug|Any CPU.ActiveCfg = Debug|Any CPU
		{717ED8DE-9466-4A57-B620-BF12DF03E5DE}.Debug|Any CPU.Build.0 = Debug|Any CPU
		{717ED8DE-9466-4A57-B620-BF12DF03E5DE}.Release|Any CPU.ActiveCfg = Release|Any CPU
		{717ED8DE-9466-4A57-B620-BF12DF03E5DE}.Release|Any CPU.Build.0 = Release|Any CPU
		{CD5F7A60-2725-41E8-B146-05BBADFCB251}.Debug|Any CPU.ActiveCfg = Debug|Any CPU
		{CD5F7A60-2725-41E8-B146-05BBADFCB251}.Debug|Any CPU.Build.0 = Debug|Any CPU
		{CD5F7A60-2725-41E8-B146-05BBADFCB251}.Release|Any CPU.ActiveCfg = Release|Any CPU
		{CD5F7A60-2725-41E8-B146-05BBADFCB251}.Release|Any CPU.Build.0 = Release|Any CPU
		{D8A4B933-9EE5-41AB-AFF7-92F97D90E4F0}.Debug|Any CPU.ActiveCfg = Debug|Any CPU
		{D8A4B933-9EE5-41AB-AFF7-92F97D90E4F0}.Debug|Any CPU.Build.0 = Debug|Any CPU
		{D8A4B933-9EE5-41AB-AFF7-92F97D90E4F0}.Release|Any CPU.ActiveCfg = Release|Any CPU
		{D8A4B933-9EE5-41AB-AFF7-92F97D90E4F0}.Release|Any CPU.Build.0 = Release|Any CPU
		{F7549B48-29C4-443D-940F-DC9DC7D68A75}.Debug|Any CPU.ActiveCfg = Debug|Any CPU
		{F7549B48-29C4-443D-940F-DC9DC7D68A75}.Debug|Any CPU.Build.0 = Debug|Any CPU
		{F7549B48-29C4-443D-940F-DC9DC7D68A75}.Release|Any CPU.ActiveCfg = Release|Any CPU
		{F7549B48-29C4-443D-940F-DC9DC7D68A75}.Release|Any CPU.Build.0 = Release|Any CPU
		{8CA852C5-0EEB-4D3C-BAC4-B1938FB445C5}.Debug|Any CPU.ActiveCfg = Debug|Any CPU
		{8CA852C5-0EEB-4D3C-BAC4-B1938FB445C5}.Debug|Any CPU.Build.0 = Debug|Any CPU
		{8CA852C5-0EEB-4D3C-BAC4-B1938FB445C5}.Release|Any CPU.ActiveCfg = Release|Any CPU
		{8CA852C5-0EEB-4D3C-BAC4-B1938FB445C5}.Release|Any CPU.Build.0 = Release|Any CPU
		{6F0758BA-EF31-478F-AE2E-81C5B2072A42}.Debug|Any CPU.ActiveCfg = Debug|Any CPU
		{6F0758BA-EF31-478F-AE2E-81C5B2072A42}.Debug|Any CPU.Build.0 = Debug|Any CPU
		{6F0758BA-EF31-478F-AE2E-81C5B2072A42}.Release|Any CPU.ActiveCfg = Release|Any CPU
		{6F0758BA-EF31-478F-AE2E-81C5B2072A42}.Release|Any CPU.Build.0 = Release|Any CPU
		{AB9B09AD-3228-48DE-A57B-64D038191236}.Debug|Any CPU.ActiveCfg = Debug|Any CPU
		{AB9B09AD-3228-48DE-A57B-64D038191236}.Debug|Any CPU.Build.0 = Debug|Any CPU
		{AB9B09AD-3228-48DE-A57B-64D038191236}.Release|Any CPU.ActiveCfg = Release|Any CPU
		{AB9B09AD-3228-48DE-A57B-64D038191236}.Release|Any CPU.Build.0 = Release|Any CPU
		{4133A284-BA80-4236-9C76-51B1F10325E3}.Debug|Any CPU.ActiveCfg = Debug|Any CPU
		{4133A284-BA80-4236-9C76-51B1F10325E3}.Debug|Any CPU.Build.0 = Debug|Any CPU
		{4133A284-BA80-4236-9C76-51B1F10325E3}.Release|Any CPU.ActiveCfg = Release|Any CPU
		{4133A284-BA80-4236-9C76-51B1F10325E3}.Release|Any CPU.Build.0 = Release|Any CPU
		{8F5392A9-B985-45BC-AF2A-E565EC418735}.Debug|Any CPU.ActiveCfg = Debug|Any CPU
		{8F5392A9-B985-45BC-AF2A-E565EC418735}.Debug|Any CPU.Build.0 = Debug|Any CPU
		{8F5392A9-B985-45BC-AF2A-E565EC418735}.Release|Any CPU.ActiveCfg = Release|Any CPU
		{8F5392A9-B985-45BC-AF2A-E565EC418735}.Release|Any CPU.Build.0 = Release|Any CPU
		{E040083D-C7EE-4F4E-8367-367F939E4477}.Debug|Any CPU.ActiveCfg = Debug|Any CPU
		{E040083D-C7EE-4F4E-8367-367F939E4477}.Debug|Any CPU.Build.0 = Debug|Any CPU
		{E040083D-C7EE-4F4E-8367-367F939E4477}.Release|Any CPU.ActiveCfg = Release|Any CPU
		{E040083D-C7EE-4F4E-8367-367F939E4477}.Release|Any CPU.Build.0 = Release|Any CPU
		{A62737C9-6C3D-4136-8C7A-553A92145544}.Debug|Any CPU.ActiveCfg = Debug|Any CPU
		{A62737C9-6C3D-4136-8C7A-553A92145544}.Debug|Any CPU.Build.0 = Debug|Any CPU
		{A62737C9-6C3D-4136-8C7A-553A92145544}.Release|Any CPU.ActiveCfg = Release|Any CPU
		{A62737C9-6C3D-4136-8C7A-553A92145544}.Release|Any CPU.Build.0 = Release|Any CPU
		{7687C545-252D-4389-997D-DF172B6F5192}.Debug|Any CPU.ActiveCfg = Debug|Any CPU
		{7687C545-252D-4389-997D-DF172B6F5192}.Debug|Any CPU.Build.0 = Debug|Any CPU
		{7687C545-252D-4389-997D-DF172B6F5192}.Release|Any CPU.ActiveCfg = Release|Any CPU
		{7687C545-252D-4389-997D-DF172B6F5192}.Release|Any CPU.Build.0 = Release|Any CPU
		{13C47EDF-89FB-4C68-A134-585647508DE4}.Debug|Any CPU.ActiveCfg = Debug|Any CPU
		{13C47EDF-89FB-4C68-A134-585647508DE4}.Debug|Any CPU.Build.0 = Debug|Any CPU
		{13C47EDF-89FB-4C68-A134-585647508DE4}.Release|Any CPU.ActiveCfg = Release|Any CPU
		{13C47EDF-89FB-4C68-A134-585647508DE4}.Release|Any CPU.Build.0 = Release|Any CPU
		{CD3325E3-DC65-46DD-A3E8-78D8C629852C}.Debug|Any CPU.ActiveCfg = Debug|Any CPU
		{CD3325E3-DC65-46DD-A3E8-78D8C629852C}.Debug|Any CPU.Build.0 = Debug|Any CPU
		{CD3325E3-DC65-46DD-A3E8-78D8C629852C}.Release|Any CPU.ActiveCfg = Release|Any CPU
		{CD3325E3-DC65-46DD-A3E8-78D8C629852C}.Release|Any CPU.Build.0 = Release|Any CPU
		{07F1ECF8-709E-4F88-9FB4-4B5B6D986765}.Debug|Any CPU.ActiveCfg = Debug|Any CPU
		{07F1ECF8-709E-4F88-9FB4-4B5B6D986765}.Debug|Any CPU.Build.0 = Debug|Any CPU
		{07F1ECF8-709E-4F88-9FB4-4B5B6D986765}.Release|Any CPU.ActiveCfg = Release|Any CPU
		{07F1ECF8-709E-4F88-9FB4-4B5B6D986765}.Release|Any CPU.Build.0 = Release|Any CPU
		{B4BCAF88-BFBF-4970-A723-02EF8255B4B0}.Debug|Any CPU.ActiveCfg = Debug|Any CPU
		{B4BCAF88-BFBF-4970-A723-02EF8255B4B0}.Debug|Any CPU.Build.0 = Debug|Any CPU
		{B4BCAF88-BFBF-4970-A723-02EF8255B4B0}.Release|Any CPU.ActiveCfg = Release|Any CPU
		{B4BCAF88-BFBF-4970-A723-02EF8255B4B0}.Release|Any CPU.Build.0 = Release|Any CPU
		{2D161B57-E20D-4171-BA19-6140AD64C3CD}.Debug|Any CPU.ActiveCfg = Debug|Any CPU
		{2D161B57-E20D-4171-BA19-6140AD64C3CD}.Debug|Any CPU.Build.0 = Debug|Any CPU
		{2D161B57-E20D-4171-BA19-6140AD64C3CD}.Release|Any CPU.ActiveCfg = Release|Any CPU
		{2D161B57-E20D-4171-BA19-6140AD64C3CD}.Release|Any CPU.Build.0 = Release|Any CPU
		{40B9D5DF-BD45-4157-93FE-83DB5FBDCD34}.Debug|Any CPU.ActiveCfg = Debug|Any CPU
		{40B9D5DF-BD45-4157-93FE-83DB5FBDCD34}.Debug|Any CPU.Build.0 = Debug|Any CPU
		{40B9D5DF-BD45-4157-93FE-83DB5FBDCD34}.Release|Any CPU.ActiveCfg = Release|Any CPU
		{40B9D5DF-BD45-4157-93FE-83DB5FBDCD34}.Release|Any CPU.Build.0 = Release|Any CPU
		{B84CB56E-1A3A-4A07-8D68-534FE36750A2}.Debug|Any CPU.ActiveCfg = Debug|Any CPU
		{B84CB56E-1A3A-4A07-8D68-534FE36750A2}.Debug|Any CPU.Build.0 = Debug|Any CPU
		{B84CB56E-1A3A-4A07-8D68-534FE36750A2}.Release|Any CPU.ActiveCfg = Release|Any CPU
		{B84CB56E-1A3A-4A07-8D68-534FE36750A2}.Release|Any CPU.Build.0 = Release|Any CPU
		{13B5CA61-C006-4370-8D67-0020B6C303FA}.Debug|Any CPU.ActiveCfg = Debug|Any CPU
		{13B5CA61-C006-4370-8D67-0020B6C303FA}.Debug|Any CPU.Build.0 = Debug|Any CPU
		{13B5CA61-C006-4370-8D67-0020B6C303FA}.Release|Any CPU.ActiveCfg = Release|Any CPU
		{13B5CA61-C006-4370-8D67-0020B6C303FA}.Release|Any CPU.Build.0 = Release|Any CPU
		{C0C66878-1B10-48F3-856D-CD0CD8B08CED}.Debug|Any CPU.ActiveCfg = Debug|Any CPU
		{C0C66878-1B10-48F3-856D-CD0CD8B08CED}.Debug|Any CPU.Build.0 = Debug|Any CPU
		{C0C66878-1B10-48F3-856D-CD0CD8B08CED}.Release|Any CPU.ActiveCfg = Release|Any CPU
		{C0C66878-1B10-48F3-856D-CD0CD8B08CED}.Release|Any CPU.Build.0 = Release|Any CPU
		{0993A7F2-173A-4693-9F43-FAC5A7C16C8B}.Debug|Any CPU.ActiveCfg = Debug|Any CPU
		{0993A7F2-173A-4693-9F43-FAC5A7C16C8B}.Debug|Any CPU.Build.0 = Debug|Any CPU
		{0993A7F2-173A-4693-9F43-FAC5A7C16C8B}.Release|Any CPU.ActiveCfg = Release|Any CPU
		{0993A7F2-173A-4693-9F43-FAC5A7C16C8B}.Release|Any CPU.Build.0 = Release|Any CPU
		{21662D6C-43BA-42D7-B026-370CBE689987}.Debug|Any CPU.ActiveCfg = Debug|Any CPU
		{21662D6C-43BA-42D7-B026-370CBE689987}.Debug|Any CPU.Build.0 = Debug|Any CPU
		{21662D6C-43BA-42D7-B026-370CBE689987}.Release|Any CPU.ActiveCfg = Release|Any CPU
		{21662D6C-43BA-42D7-B026-370CBE689987}.Release|Any CPU.Build.0 = Release|Any CPU
		{F1741920-41BA-4C1C-BFDB-88D799601799}.Debug|Any CPU.ActiveCfg = Debug|Any CPU
		{F1741920-41BA-4C1C-BFDB-88D799601799}.Debug|Any CPU.Build.0 = Debug|Any CPU
		{F1741920-41BA-4C1C-BFDB-88D799601799}.Release|Any CPU.ActiveCfg = Release|Any CPU
		{F1741920-41BA-4C1C-BFDB-88D799601799}.Release|Any CPU.Build.0 = Release|Any CPU
		{33212801-1683-4C86-BB15-3BCAD93959D2}.Debug|Any CPU.ActiveCfg = Debug|Any CPU
		{33212801-1683-4C86-BB15-3BCAD93959D2}.Debug|Any CPU.Build.0 = Debug|Any CPU
		{33212801-1683-4C86-BB15-3BCAD93959D2}.Release|Any CPU.ActiveCfg = Release|Any CPU
		{33212801-1683-4C86-BB15-3BCAD93959D2}.Release|Any CPU.Build.0 = Release|Any CPU
		{5E2304BA-04F5-4EE8-8DBD-75C2A5B12882}.Debug|Any CPU.ActiveCfg = Debug|Any CPU
		{5E2304BA-04F5-4EE8-8DBD-75C2A5B12882}.Debug|Any CPU.Build.0 = Debug|Any CPU
		{5E2304BA-04F5-4EE8-8DBD-75C2A5B12882}.Release|Any CPU.ActiveCfg = Release|Any CPU
		{5E2304BA-04F5-4EE8-8DBD-75C2A5B12882}.Release|Any CPU.Build.0 = Release|Any CPU
		{5E7D9A31-FDB7-4672-B6FC-F2676E24B7D9}.Debug|Any CPU.ActiveCfg = Debug|Any CPU
		{5E7D9A31-FDB7-4672-B6FC-F2676E24B7D9}.Debug|Any CPU.Build.0 = Debug|Any CPU
		{5E7D9A31-FDB7-4672-B6FC-F2676E24B7D9}.Release|Any CPU.ActiveCfg = Release|Any CPU
		{5E7D9A31-FDB7-4672-B6FC-F2676E24B7D9}.Release|Any CPU.Build.0 = Release|Any CPU
		{58C6D9DB-7B7D-4EDD-B006-8D97F7D33E75}.Debug|Any CPU.ActiveCfg = Debug|Any CPU
		{58C6D9DB-7B7D-4EDD-B006-8D97F7D33E75}.Debug|Any CPU.Build.0 = Debug|Any CPU
		{58C6D9DB-7B7D-4EDD-B006-8D97F7D33E75}.Release|Any CPU.ActiveCfg = Release|Any CPU
		{58C6D9DB-7B7D-4EDD-B006-8D97F7D33E75}.Release|Any CPU.Build.0 = Release|Any CPU
		{F28624F2-4CAC-4FC1-8FBB-3EF851764B20}.Debug|Any CPU.ActiveCfg = Debug|Any CPU
		{F28624F2-4CAC-4FC1-8FBB-3EF851764B20}.Debug|Any CPU.Build.0 = Debug|Any CPU
		{F28624F2-4CAC-4FC1-8FBB-3EF851764B20}.Release|Any CPU.ActiveCfg = Release|Any CPU
		{F28624F2-4CAC-4FC1-8FBB-3EF851764B20}.Release|Any CPU.Build.0 = Release|Any CPU
		{B7A44FF1-B701-4453-9516-3DBC2D344C98}.Debug|Any CPU.ActiveCfg = Debug|Any CPU
		{B7A44FF1-B701-4453-9516-3DBC2D344C98}.Debug|Any CPU.Build.0 = Debug|Any CPU
		{B7A44FF1-B701-4453-9516-3DBC2D344C98}.Release|Any CPU.ActiveCfg = Release|Any CPU
		{B7A44FF1-B701-4453-9516-3DBC2D344C98}.Release|Any CPU.Build.0 = Release|Any CPU
		{97E510F8-381C-432F-A725-93C44711EC51}.Debug|Any CPU.ActiveCfg = Debug|Any CPU
		{97E510F8-381C-432F-A725-93C44711EC51}.Debug|Any CPU.Build.0 = Debug|Any CPU
		{97E510F8-381C-432F-A725-93C44711EC51}.Release|Any CPU.ActiveCfg = Release|Any CPU
		{97E510F8-381C-432F-A725-93C44711EC51}.Release|Any CPU.Build.0 = Release|Any CPU
		{51207377-573F-4362-91B2-A375197FE6A7}.Debug|Any CPU.ActiveCfg = Debug|Any CPU
		{51207377-573F-4362-91B2-A375197FE6A7}.Debug|Any CPU.Build.0 = Debug|Any CPU
		{51207377-573F-4362-91B2-A375197FE6A7}.Release|Any CPU.ActiveCfg = Release|Any CPU
		{51207377-573F-4362-91B2-A375197FE6A7}.Release|Any CPU.Build.0 = Release|Any CPU
		{71664676-4828-4427-A292-240DDB04F52B}.Debug|Any CPU.ActiveCfg = Debug|Any CPU
		{71664676-4828-4427-A292-240DDB04F52B}.Debug|Any CPU.Build.0 = Debug|Any CPU
		{71664676-4828-4427-A292-240DDB04F52B}.Release|Any CPU.ActiveCfg = Release|Any CPU
		{71664676-4828-4427-A292-240DDB04F52B}.Release|Any CPU.Build.0 = Release|Any CPU
		{B73DEF87-6E59-478A-9354-1CBFD77A06ED}.Debug|Any CPU.ActiveCfg = Debug|Any CPU
		{B73DEF87-6E59-478A-9354-1CBFD77A06ED}.Debug|Any CPU.Build.0 = Debug|Any CPU
		{B73DEF87-6E59-478A-9354-1CBFD77A06ED}.Release|Any CPU.ActiveCfg = Release|Any CPU
		{B73DEF87-6E59-478A-9354-1CBFD77A06ED}.Release|Any CPU.Build.0 = Release|Any CPU
		{1CE6BA98-7D25-4FFB-8BB2-2B68903B0746}.Debug|Any CPU.ActiveCfg = Debug|Any CPU
		{1CE6BA98-7D25-4FFB-8BB2-2B68903B0746}.Debug|Any CPU.Build.0 = Debug|Any CPU
		{1CE6BA98-7D25-4FFB-8BB2-2B68903B0746}.Release|Any CPU.ActiveCfg = Release|Any CPU
		{1CE6BA98-7D25-4FFB-8BB2-2B68903B0746}.Release|Any CPU.Build.0 = Release|Any CPU
		{396EE53C-2F65-4385-83AD-D6D1D6B54C75}.Debug|Any CPU.ActiveCfg = Debug|Any CPU
		{396EE53C-2F65-4385-83AD-D6D1D6B54C75}.Debug|Any CPU.Build.0 = Debug|Any CPU
		{396EE53C-2F65-4385-83AD-D6D1D6B54C75}.Release|Any CPU.ActiveCfg = Release|Any CPU
		{396EE53C-2F65-4385-83AD-D6D1D6B54C75}.Release|Any CPU.Build.0 = Release|Any CPU
		{ABD20B8A-9920-4C89-A024-8E649F104386}.Debug|Any CPU.ActiveCfg = Debug|Any CPU
		{ABD20B8A-9920-4C89-A024-8E649F104386}.Debug|Any CPU.Build.0 = Debug|Any CPU
		{ABD20B8A-9920-4C89-A024-8E649F104386}.Release|Any CPU.ActiveCfg = Release|Any CPU
		{ABD20B8A-9920-4C89-A024-8E649F104386}.Release|Any CPU.Build.0 = Release|Any CPU
		{925ADF56-AD8E-477F-B14E-BDF5F703A0D4}.Debug|Any CPU.ActiveCfg = Debug|Any CPU
		{925ADF56-AD8E-477F-B14E-BDF5F703A0D4}.Debug|Any CPU.Build.0 = Debug|Any CPU
		{925ADF56-AD8E-477F-B14E-BDF5F703A0D4}.Release|Any CPU.ActiveCfg = Release|Any CPU
		{925ADF56-AD8E-477F-B14E-BDF5F703A0D4}.Release|Any CPU.Build.0 = Release|Any CPU
		{D65038B9-80F4-4840-83F4-BD3198D95F14}.Debug|Any CPU.ActiveCfg = Debug|Any CPU
		{D65038B9-80F4-4840-83F4-BD3198D95F14}.Debug|Any CPU.Build.0 = Debug|Any CPU
		{D65038B9-80F4-4840-83F4-BD3198D95F14}.Release|Any CPU.ActiveCfg = Release|Any CPU
		{D65038B9-80F4-4840-83F4-BD3198D95F14}.Release|Any CPU.Build.0 = Release|Any CPU
		{E2A18E3A-C1ED-486D-8CC8-6FAA66A38B63}.Debug|Any CPU.ActiveCfg = Debug|Any CPU
		{E2A18E3A-C1ED-486D-8CC8-6FAA66A38B63}.Debug|Any CPU.Build.0 = Debug|Any CPU
		{E2A18E3A-C1ED-486D-8CC8-6FAA66A38B63}.Release|Any CPU.ActiveCfg = Release|Any CPU
		{E2A18E3A-C1ED-486D-8CC8-6FAA66A38B63}.Release|Any CPU.Build.0 = Release|Any CPU
		{CC6E4315-8E04-497A-8DE3-5EED5655E0D3}.Debug|Any CPU.ActiveCfg = Debug|Any CPU
		{CC6E4315-8E04-497A-8DE3-5EED5655E0D3}.Debug|Any CPU.Build.0 = Debug|Any CPU
		{CC6E4315-8E04-497A-8DE3-5EED5655E0D3}.Release|Any CPU.ActiveCfg = Release|Any CPU
		{CC6E4315-8E04-497A-8DE3-5EED5655E0D3}.Release|Any CPU.Build.0 = Release|Any CPU
		{C64AAEBC-FBBC-4212-BFEC-FB02FB3D5232}.Debug|Any CPU.ActiveCfg = Debug|Any CPU
		{C64AAEBC-FBBC-4212-BFEC-FB02FB3D5232}.Debug|Any CPU.Build.0 = Debug|Any CPU
		{C64AAEBC-FBBC-4212-BFEC-FB02FB3D5232}.Release|Any CPU.ActiveCfg = Release|Any CPU
		{C64AAEBC-FBBC-4212-BFEC-FB02FB3D5232}.Release|Any CPU.Build.0 = Release|Any CPU
		{C3E0D33D-4FD1-4AF5-9D3E-C23D3E365FBF}.Debug|Any CPU.ActiveCfg = Debug|Any CPU
		{C3E0D33D-4FD1-4AF5-9D3E-C23D3E365FBF}.Debug|Any CPU.Build.0 = Debug|Any CPU
		{C3E0D33D-4FD1-4AF5-9D3E-C23D3E365FBF}.Release|Any CPU.ActiveCfg = Release|Any CPU
		{C3E0D33D-4FD1-4AF5-9D3E-C23D3E365FBF}.Release|Any CPU.Build.0 = Release|Any CPU
		{4B3DC77A-0446-4515-A9CA-532779FEB843}.Debug|Any CPU.ActiveCfg = Debug|Any CPU
		{4B3DC77A-0446-4515-A9CA-532779FEB843}.Debug|Any CPU.Build.0 = Debug|Any CPU
		{4B3DC77A-0446-4515-A9CA-532779FEB843}.Release|Any CPU.ActiveCfg = Release|Any CPU
		{4B3DC77A-0446-4515-A9CA-532779FEB843}.Release|Any CPU.Build.0 = Release|Any CPU
		{2FABD2B7-3367-43E9-AE7A-DB992F1431DD}.Debug|Any CPU.ActiveCfg = Debug|Any CPU
		{2FABD2B7-3367-43E9-AE7A-DB992F1431DD}.Debug|Any CPU.Build.0 = Debug|Any CPU
		{2FABD2B7-3367-43E9-AE7A-DB992F1431DD}.Release|Any CPU.ActiveCfg = Release|Any CPU
		{2FABD2B7-3367-43E9-AE7A-DB992F1431DD}.Release|Any CPU.Build.0 = Release|Any CPU
		{50D66A7D-FEEA-4282-8A65-55CEA46A68D8}.Debug|Any CPU.ActiveCfg = Debug|Any CPU
		{50D66A7D-FEEA-4282-8A65-55CEA46A68D8}.Debug|Any CPU.Build.0 = Debug|Any CPU
		{50D66A7D-FEEA-4282-8A65-55CEA46A68D8}.Release|Any CPU.ActiveCfg = Release|Any CPU
		{50D66A7D-FEEA-4282-8A65-55CEA46A68D8}.Release|Any CPU.Build.0 = Release|Any CPU
		{56D1C5A5-B861-4F1D-8E66-8711DB410C96}.Debug|Any CPU.ActiveCfg = Debug|Any CPU
		{56D1C5A5-B861-4F1D-8E66-8711DB410C96}.Debug|Any CPU.Build.0 = Debug|Any CPU
		{56D1C5A5-B861-4F1D-8E66-8711DB410C96}.Release|Any CPU.ActiveCfg = Release|Any CPU
		{56D1C5A5-B861-4F1D-8E66-8711DB410C96}.Release|Any CPU.Build.0 = Release|Any CPU
		{E0FCAAD2-1F6F-4ABD-B39D-7A10FCE21FC2}.Debug|Any CPU.ActiveCfg = Debug|Any CPU
		{E0FCAAD2-1F6F-4ABD-B39D-7A10FCE21FC2}.Debug|Any CPU.Build.0 = Debug|Any CPU
		{E0FCAAD2-1F6F-4ABD-B39D-7A10FCE21FC2}.Release|Any CPU.ActiveCfg = Release|Any CPU
		{E0FCAAD2-1F6F-4ABD-B39D-7A10FCE21FC2}.Release|Any CPU.Build.0 = Release|Any CPU
		{B65E22CF-6543-4D79-80BC-88EEB9CDE01D}.Debug|Any CPU.ActiveCfg = Debug|Any CPU
		{B65E22CF-6543-4D79-80BC-88EEB9CDE01D}.Debug|Any CPU.Build.0 = Debug|Any CPU
		{B65E22CF-6543-4D79-80BC-88EEB9CDE01D}.Release|Any CPU.ActiveCfg = Release|Any CPU
		{B65E22CF-6543-4D79-80BC-88EEB9CDE01D}.Release|Any CPU.Build.0 = Release|Any CPU
		{3158F93A-ECF7-4FB7-AB1A-A8D45E76E547}.Debug|Any CPU.ActiveCfg = Debug|Any CPU
		{3158F93A-ECF7-4FB7-AB1A-A8D45E76E547}.Debug|Any CPU.Build.0 = Debug|Any CPU
		{3158F93A-ECF7-4FB7-AB1A-A8D45E76E547}.Release|Any CPU.ActiveCfg = Release|Any CPU
		{3158F93A-ECF7-4FB7-AB1A-A8D45E76E547}.Release|Any CPU.Build.0 = Release|Any CPU
		{6CF69A04-B14E-4D9E-851F-CD448BA00AEC}.Debug|Any CPU.ActiveCfg = Debug|Any CPU
		{6CF69A04-B14E-4D9E-851F-CD448BA00AEC}.Debug|Any CPU.Build.0 = Debug|Any CPU
		{6CF69A04-B14E-4D9E-851F-CD448BA00AEC}.Release|Any CPU.ActiveCfg = Release|Any CPU
		{6CF69A04-B14E-4D9E-851F-CD448BA00AEC}.Release|Any CPU.Build.0 = Release|Any CPU
		{107C960E-2C50-4491-84B0-CF163441455B}.Debug|Any CPU.ActiveCfg = Debug|Any CPU
		{107C960E-2C50-4491-84B0-CF163441455B}.Debug|Any CPU.Build.0 = Debug|Any CPU
		{107C960E-2C50-4491-84B0-CF163441455B}.Release|Any CPU.ActiveCfg = Release|Any CPU
		{107C960E-2C50-4491-84B0-CF163441455B}.Release|Any CPU.Build.0 = Release|Any CPU
		{F33F52E2-A578-4115-B154-AE00537A983F}.Debug|Any CPU.ActiveCfg = Debug|Any CPU
		{F33F52E2-A578-4115-B154-AE00537A983F}.Debug|Any CPU.Build.0 = Debug|Any CPU
		{F33F52E2-A578-4115-B154-AE00537A983F}.Release|Any CPU.ActiveCfg = Release|Any CPU
		{F33F52E2-A578-4115-B154-AE00537A983F}.Release|Any CPU.Build.0 = Release|Any CPU
		{A1BE962B-2934-42E4-81BF-0F3E3A13920D}.Debug|Any CPU.ActiveCfg = Debug|Any CPU
		{A1BE962B-2934-42E4-81BF-0F3E3A13920D}.Debug|Any CPU.Build.0 = Debug|Any CPU
		{A1BE962B-2934-42E4-81BF-0F3E3A13920D}.Release|Any CPU.ActiveCfg = Release|Any CPU
		{A1BE962B-2934-42E4-81BF-0F3E3A13920D}.Release|Any CPU.Build.0 = Release|Any CPU
		{A9FB65D4-9198-4F05-B428-9650CC83E937}.Debug|Any CPU.ActiveCfg = Debug|Any CPU
		{A9FB65D4-9198-4F05-B428-9650CC83E937}.Debug|Any CPU.Build.0 = Debug|Any CPU
		{A9FB65D4-9198-4F05-B428-9650CC83E937}.Release|Any CPU.ActiveCfg = Release|Any CPU
		{A9FB65D4-9198-4F05-B428-9650CC83E937}.Release|Any CPU.Build.0 = Release|Any CPU
		{8ED9D46F-D840-451A-BF0E-853C4A02B021}.Debug|Any CPU.ActiveCfg = Debug|Any CPU
		{8ED9D46F-D840-451A-BF0E-853C4A02B021}.Debug|Any CPU.Build.0 = Debug|Any CPU
		{8ED9D46F-D840-451A-BF0E-853C4A02B021}.Release|Any CPU.ActiveCfg = Release|Any CPU
		{8ED9D46F-D840-451A-BF0E-853C4A02B021}.Release|Any CPU.Build.0 = Release|Any CPU
	EndGlobalSection
	GlobalSection(SolutionProperties) = preSolution
		HideSolutionNode = FALSE
	EndGlobalSection
	GlobalSection(ExtensibilityGlobals) = postSolution
		SolutionGuid = {3177E712-1567-45A1-89E0-E789270FCB38}
	EndGlobalSection
EndGlobal
