
Microsoft Visual Studio Solution File, Format Version 12.00
# Visual Studio Version 17
VisualStudioVersion = 17.9.34616.47
MinimumVisualStudioVersion = 10.0.40219.1
Project("{FAE04EC0-301F-11D3-BF4B-00C04F79EFBC}") = "GreatestCommonDivisorTraversal", "GreatestCommonDivisorTraversal\GreatestCommonDivisorTraversal.csproj", "{ECA650B4-D49F-46BE-ABE7-875243E5C1CB}"
EndProject
Global
	GlobalSection(SolutionConfigurationPlatforms) = preSolution
		Debug|Any CPU = Debug|Any CPU
		Release|Any CPU = Release|Any CPU
	EndGlobalSection
	GlobalSection(ProjectConfigurationPlatforms) = postSolution
		{ECA650B4-D49F-46BE-ABE7-875243E5C1CB}.Debug|Any CPU.ActiveCfg = Debug|Any CPU
		{ECA650B4-D49F-46BE-ABE7-875243E5C1CB}.Debug|Any CPU.Build.0 = Debug|Any CPU
		{ECA650B4-D49F-46BE-ABE7-875243E5C1CB}.Release|Any CPU.ActiveCfg = Release|Any CPU
		{ECA650B4-D49F-46BE-ABE7-875243E5C1CB}.Release|Any CPU.Build.0 = Release|Any CPU
	EndGlobalSection
	GlobalSection(SolutionProperties) = preSolution
		HideSolutionNode = FALSE
	EndGlobalSection
	GlobalSection(ExtensibilityGlobals) = postSolution
		SolutionGuid = {3177E712-1567-45A1-89E0-E789270FCB38}
	EndGlobalSection
EndGlobal
